
Microsoft Visual Studio Solution File, Format Version 12.00
# Visual Studio Version 16
VisualStudioVersion = 16.0.31019.35
MinimumVisualStudioVersion = 10.0.40219.1
Project("{9A19103F-16F7-4668-BE54-9A1E7A4F7556}") = "Server", "Server\Server.csproj", "{1D9B7A92-3AF2-485D-96A2-D9825A1832F1}"
	ProjectSection(ProjectDependencies) = postProject
		{F711DD86-363B-46FA-95E5-08FFE16684EA} = {F711DD86-363B-46FA-95E5-08FFE16684EA}
	EndProjectSection
EndProject
Project("{9A19103F-16F7-4668-BE54-9A1E7A4F7556}") = "ServerClientLibrary", "ServerClientLibrary\ServerClientLibrary.csproj", "{F711DD86-363B-46FA-95E5-08FFE16684EA}"
EndProject
Project("{FAE04EC0-301F-11D3-BF4B-00C04F79EFBC}") = "Client", "Client\Client.csproj", "{C4998C3C-D989-40B0-8910-10663CB59F99}"
EndProject
Global
	GlobalSection(SolutionConfigurationPlatforms) = preSolution
		Debug|Any CPU = Debug|Any CPU
		Release|Any CPU = Release|Any CPU
	EndGlobalSection
	GlobalSection(ProjectConfigurationPlatforms) = postSolution
		{1D9B7A92-3AF2-485D-96A2-D9825A1832F1}.Debug|Any CPU.ActiveCfg = Debug|Any CPU
		{1D9B7A92-3AF2-485D-96A2-D9825A1832F1}.Debug|Any CPU.Build.0 = Debug|Any CPU
		{1D9B7A92-3AF2-485D-96A2-D9825A1832F1}.Release|Any CPU.ActiveCfg = Release|Any CPU
		{1D9B7A92-3AF2-485D-96A2-D9825A1832F1}.Release|Any CPU.Build.0 = Release|Any CPU
		{F711DD86-363B-46FA-95E5-08FFE16684EA}.Debug|Any CPU.ActiveCfg = Debug|Any CPU
		{F711DD86-363B-46FA-95E5-08FFE16684EA}.Debug|Any CPU.Build.0 = Debug|Any CPU
		{F711DD86-363B-46FA-95E5-08FFE16684EA}.Release|Any CPU.ActiveCfg = Release|Any CPU
		{F711DD86-363B-46FA-95E5-08FFE16684EA}.Release|Any CPU.Build.0 = Release|Any CPU
		{C4998C3C-D989-40B0-8910-10663CB59F99}.Debug|Any CPU.ActiveCfg = Debug|Any CPU
		{C4998C3C-D989-40B0-8910-10663CB59F99}.Debug|Any CPU.Build.0 = Debug|Any CPU
		{C4998C3C-D989-40B0-8910-10663CB59F99}.Release|Any CPU.ActiveCfg = Release|Any CPU
		{C4998C3C-D989-40B0-8910-10663CB59F99}.Release|Any CPU.Build.0 = Release|Any CPU
	EndGlobalSection
	GlobalSection(SolutionProperties) = preSolution
		HideSolutionNode = FALSE
	EndGlobalSection
	GlobalSection(ExtensibilityGlobals) = postSolution
		SolutionGuid = {43B7AB32-6D8E-48EB-933C-AC84FB34E160}
	EndGlobalSection
EndGlobal
